// !$*UTF8*$!
{
	archiveVersion = 1;
	classes = {
	};
	objectVersion = 56;
	objects = {

/* Begin PBXBuildFile section */
		2873F2372B4EE12B003DFFF5 /* LocationManager.swift in Sources */ = {isa = PBXBuildFile; fileRef = 2873F2362B4EE12B003DFFF5 /* LocationManager.swift */; };
		2873F23A2B5FBB8E003DFFF5 /* WelcomeView.swift in Sources */ = {isa = PBXBuildFile; fileRef = 2873F2392B5FBB8E003DFFF5 /* WelcomeView.swift */; };
		2873F23C2B619E18003DFFF5 /* LoadingView.swift in Sources */ = {isa = PBXBuildFile; fileRef = 2873F23B2B619E18003DFFF5 /* LoadingView.swift */; };
		2873F23E2B62D0A3003DFFF5 /* WeatherManager.swift in Sources */ = {isa = PBXBuildFile; fileRef = 2873F23D2B62D0A3003DFFF5 /* WeatherManager.swift */; };
		2873F2402B639CC4003DFFF5 /* WeatherView.swift in Sources */ = {isa = PBXBuildFile; fileRef = 2873F23F2B639CC4003DFFF5 /* WeatherView.swift */; };
		2873F2422B659BBA003DFFF5 /* ModelData.swift in Sources */ = {isa = PBXBuildFile; fileRef = 2873F2412B659BBA003DFFF5 /* ModelData.swift */; };
		2873F2442B659BFF003DFFF5 /* weatherData.json in Resources */ = {isa = PBXBuildFile; fileRef = 2873F2432B659BFF003DFFF5 /* weatherData.json */; };
		2873F2462B659E24003DFFF5 /* Extensions.swift in Sources */ = {isa = PBXBuildFile; fileRef = 2873F2452B659E24003DFFF5 /* Extensions.swift */; };
		28B556D82B4C90E300F4C06D /* iWeatherApp.swift in Sources */ = {isa = PBXBuildFile; fileRef = 28B556D72B4C90E300F4C06D /* iWeatherApp.swift */; };
		28B556DA2B4C90E300F4C06D /* ContentView.swift in Sources */ = {isa = PBXBuildFile; fileRef = 28B556D92B4C90E300F4C06D /* ContentView.swift */; };
		28B556DC2B4C90E400F4C06D /* Assets.xcassets in Resources */ = {isa = PBXBuildFile; fileRef = 28B556DB2B4C90E400F4C06D /* Assets.xcassets */; };
		28B556DF2B4C90E400F4C06D /* Preview Assets.xcassets in Resources */ = {isa = PBXBuildFile; fileRef = 28B556DE2B4C90E400F4C06D /* Preview Assets.xcassets */; };
		28F52CEE2B7519D30000BE4A /* WeatherRow.swift in Sources */ = {isa = PBXBuildFile; fileRef = 28F52CED2B7519D30000BE4A /* WeatherRow.swift */; };
/* End PBXBuildFile section */

/* Begin PBXFileReference section */
		2873F2362B4EE12B003DFFF5 /* LocationManager.swift */ = {isa = PBXFileReference; lastKnownFileType = sourcecode.swift; path = LocationManager.swift; sourceTree = "<group>"; };
		2873F2392B5FBB8E003DFFF5 /* WelcomeView.swift */ = {isa = PBXFileReference; lastKnownFileType = sourcecode.swift; path = WelcomeView.swift; sourceTree = "<group>"; };
		2873F23B2B619E18003DFFF5 /* LoadingView.swift */ = {isa = PBXFileReference; lastKnownFileType = sourcecode.swift; path = LoadingView.swift; sourceTree = "<group>"; };
		2873F23D2B62D0A3003DFFF5 /* WeatherManager.swift */ = {isa = PBXFileReference; lastKnownFileType = sourcecode.swift; path = WeatherManager.swift; sourceTree = "<group>"; };
		2873F23F2B639CC4003DFFF5 /* WeatherView.swift */ = {isa = PBXFileReference; lastKnownFileType = sourcecode.swift; path = WeatherView.swift; sourceTree = "<group>"; };
		2873F2412B659BBA003DFFF5 /* ModelData.swift */ = {isa = PBXFileReference; lastKnownFileType = sourcecode.swift; path = ModelData.swift; sourceTree = "<group>"; };
		2873F2432B659BFF003DFFF5 /* weatherData.json */ = {isa = PBXFileReference; lastKnownFileType = text.json; path = weatherData.json; sourceTree = "<group>"; };
		2873F2452B659E24003DFFF5 /* Extensions.swift */ = {isa = PBXFileReference; lastKnownFileType = sourcecode.swift; path = Extensions.swift; sourceTree = "<group>"; };
		28B556D42B4C90E300F4C06D /* iWeather.app */ = {isa = PBXFileReference; explicitFileType = wrapper.application; includeInIndex = 0; path = iWeather.app; sourceTree = BUILT_PRODUCTS_DIR; };
		28B556D72B4C90E300F4C06D /* iWeatherApp.swift */ = {isa = PBXFileReference; lastKnownFileType = sourcecode.swift; path = iWeatherApp.swift; sourceTree = "<group>"; };
		28B556D92B4C90E300F4C06D /* ContentView.swift */ = {isa = PBXFileReference; lastKnownFileType = sourcecode.swift; path = ContentView.swift; sourceTree = "<group>"; };
		28B556DB2B4C90E400F4C06D /* Assets.xcassets */ = {isa = PBXFileReference; lastKnownFileType = folder.assetcatalog; path = Assets.xcassets; sourceTree = "<group>"; };
		28B556DE2B4C90E400F4C06D /* Preview Assets.xcassets */ = {isa = PBXFileReference; lastKnownFileType = folder.assetcatalog; path = "Preview Assets.xcassets"; sourceTree = "<group>"; };
		28F52CED2B7519D30000BE4A /* WeatherRow.swift */ = {isa = PBXFileReference; lastKnownFileType = sourcecode.swift; path = WeatherRow.swift; sourceTree = "<group>"; };
/* End PBXFileReference section */

/* Begin PBXFrameworksBuildPhase section */
		28B556D12B4C90E300F4C06D /* Frameworks */ = {
			isa = PBXFrameworksBuildPhase;
			buildActionMask = 2147483647;
			files = (
			);
			runOnlyForDeploymentPostprocessing = 0;
		};
/* End PBXFrameworksBuildPhase section */

/* Begin PBXGroup section */
		2873F2352B4EE104003DFFF5 /* Managers */ = {
			isa = PBXGroup;
			children = (
				2873F2362B4EE12B003DFFF5 /* LocationManager.swift */,
				2873F23D2B62D0A3003DFFF5 /* WeatherManager.swift */,
				2873F2452B659E24003DFFF5 /* Extensions.swift */,
			);
			path = Managers;
			sourceTree = "<group>";
		};
		2873F2382B5BC6F4003DFFF5 /* Views */ = {
			isa = PBXGroup;
			children = (
				28B556D92B4C90E300F4C06D /* ContentView.swift */,
				2873F2392B5FBB8E003DFFF5 /* WelcomeView.swift */,
				2873F23B2B619E18003DFFF5 /* LoadingView.swift */,
				2873F23F2B639CC4003DFFF5 /* WeatherView.swift */,
			);
			path = Views;
			sourceTree = "<group>";
		};
		28B556CB2B4C90E300F4C06D = {
			isa = PBXGroup;
			children = (
				28B556D62B4C90E300F4C06D /* iWeather */,
				28B556D52B4C90E300F4C06D /* Products */,
			);
			sourceTree = "<group>";
		};
		28B556D52B4C90E300F4C06D /* Products */ = {
			isa = PBXGroup;
			children = (
				28B556D42B4C90E300F4C06D /* iWeather.app */,
			);
			name = Products;
			sourceTree = "<group>";
		};
		28B556D62B4C90E300F4C06D /* iWeather */ = {
			isa = PBXGroup;
			children = (
				28B556D72B4C90E300F4C06D /* iWeatherApp.swift */,
				2873F2382B5BC6F4003DFFF5 /* Views */,
				2873F2352B4EE104003DFFF5 /* Managers */,
				28F52CEC2B7519930000BE4A /* Components */,
				28B556DB2B4C90E400F4C06D /* Assets.xcassets */,
				28B556DD2B4C90E400F4C06D /* Preview Content */,
			);
			path = iWeather;
			sourceTree = "<group>";
		};
		28B556DD2B4C90E400F4C06D /* Preview Content */ = {
			isa = PBXGroup;
			children = (
				28B556DE2B4C90E400F4C06D /* Preview Assets.xcassets */,
				2873F2412B659BBA003DFFF5 /* ModelData.swift */,
				2873F2432B659BFF003DFFF5 /* weatherData.json */,
			);
			path = "Preview Content";
			sourceTree = "<group>";
		};
		28F52CEC2B7519930000BE4A /* Components */ = {
			isa = PBXGroup;
			children = (
				28F52CED2B7519D30000BE4A /* WeatherRow.swift */,
			);
			path = Components;
			sourceTree = "<group>";
		};
/* End PBXGroup section */

/* Begin PBXNativeTarget section */
		28B556D32B4C90E300F4C06D /* iWeather */ = {
			isa = PBXNativeTarget;
			buildConfigurationList = 28B556E22B4C90E400F4C06D /* Build configuration list for PBXNativeTarget "iWeather" */;
			buildPhases = (
				28B556D02B4C90E300F4C06D /* Sources */,
				28B556D12B4C90E300F4C06D /* Frameworks */,
				28B556D22B4C90E300F4C06D /* Resources */,
			);
			buildRules = (
			);
			dependencies = (
			);
			name = iWeather;
			productName = iWeather;
			productReference = 28B556D42B4C90E300F4C06D /* iWeather.app */;
			productType = "com.apple.product-type.application";
		};
/* End PBXNativeTarget section */

/* Begin PBXProject section */
		28B556CC2B4C90E300F4C06D /* Project object */ = {
			isa = PBXProject;
			attributes = {
				BuildIndependentTargetsInParallel = 1;
				LastSwiftUpdateCheck = 1510;
				LastUpgradeCheck = 1510;
				TargetAttributes = {
					28B556D32B4C90E300F4C06D = {
						CreatedOnToolsVersion = 15.1;
					};
				};
			};
			buildConfigurationList = 28B556CF2B4C90E300F4C06D /* Build configuration list for PBXProject "iWeather" */;
			compatibilityVersion = "Xcode 14.0";
			developmentRegion = en;
			hasScannedForEncodings = 0;
			knownRegions = (
				en,
				Base,
			);
			mainGroup = 28B556CB2B4C90E300F4C06D;
			productRefGroup = 28B556D52B4C90E300F4C06D /* Products */;
			projectDirPath = "";
			projectRoot = "";
			targets = (
				28B556D32B4C90E300F4C06D /* iWeather */,
			);
		};
/* End PBXProject section */

/* Begin PBXResourcesBuildPhase section */
		28B556D22B4C90E300F4C06D /* Resources */ = {
			isa = PBXResourcesBuildPhase;
			buildActionMask = 2147483647;
			files = (
				28B556DF2B4C90E400F4C06D /* Preview Assets.xcassets in Resources */,
				2873F2442B659BFF003DFFF5 /* weatherData.json in Resources */,
				28B556DC2B4C90E400F4C06D /* Assets.xcassets in Resources */,
			);
			runOnlyForDeploymentPostprocessing = 0;
		};
/* End PBXResourcesBuildPhase section */

/* Begin PBXSourcesBuildPhase section */
		28B556D02B4C90E300F4C06D /* Sources */ = {
			isa = PBXSourcesBuildPhase;
			buildActionMask = 2147483647;
			files = (
				2873F23E2B62D0A3003DFFF5 /* WeatherManager.swift in Sources */,
				2873F2462B659E24003DFFF5 /* Extensions.swift in Sources */,
				28B556DA2B4C90E300F4C06D /* ContentView.swift in Sources */,
				28B556D82B4C90E300F4C06D /* iWeatherApp.swift in Sources */,
				2873F2372B4EE12B003DFFF5 /* LocationManager.swift in Sources */,
				28F52CEE2B7519D30000BE4A /* WeatherRow.swift in Sources */,
				2873F23C2B619E18003DFFF5 /* LoadingView.swift in Sources */,
				2873F2422B659BBA003DFFF5 /* ModelData.swift in Sources */,
				2873F2402B639CC4003DFFF5 /* WeatherView.swift in Sources */,
				2873F23A2B5FBB8E003DFFF5 /* WelcomeView.swift in Sources */,
			);
			runOnlyForDeploymentPostprocessing = 0;
		};
/* End PBXSourcesBuildPhase section */

/* Begin XCBuildConfiguration section */
		28B556E02B4C90E400F4C06D /* Debug */ = {
			isa = XCBuildConfiguration;
			buildSettings = {
				ALWAYS_SEARCH_USER_PATHS = NO;
				ASSETCATALOG_COMPILER_GENERATE_SWIFT_ASSET_SYMBOL_EXTENSIONS = YES;
				CLANG_ANALYZER_NONNULL = YES;
				CLANG_ANALYZER_NUMBER_OBJECT_CONVERSION = YES_AGGRESSIVE;
				CLANG_CXX_LANGUAGE_STANDARD = "gnu++20";
				CLANG_ENABLE_MODULES = YES;
				CLANG_ENABLE_OBJC_ARC = YES;
				CLANG_ENABLE_OBJC_WEAK = YES;
				CLANG_WARN_BLOCK_CAPTURE_AUTORELEASING = YES;
				CLANG_WARN_BOOL_CONVERSION = YES;
				CLANG_WARN_COMMA = YES;
				CLANG_WARN_CONSTANT_CONVERSION = YES;
				CLANG_WARN_DEPRECATED_OBJC_IMPLEMENTATIONS = YES;
				CLANG_WARN_DIRECT_OBJC_ISA_USAGE = YES_ERROR;
				CLANG_WARN_DOCUMENTATION_COMMENTS = YES;
				CLANG_WARN_EMPTY_BODY = YES;
				CLANG_WARN_ENUM_CONVERSION = YES;
				CLANG_WARN_INFINITE_RECURSION = YES;
				CLANG_WARN_INT_CONVERSION = YES;
				CLANG_WARN_NON_LITERAL_NULL_CONVERSION = YES;
				CLANG_WARN_OBJC_IMPLICIT_RETAIN_SELF = YES;
				CLANG_WARN_OBJC_LITERAL_CONVERSION = YES;
				CLANG_WARN_OBJC_ROOT_CLASS = YES_ERROR;
				CLANG_WARN_QUOTED_INCLUDE_IN_FRAMEWORK_HEADER = YES;
				CLANG_WARN_RANGE_LOOP_ANALYSIS = YES;
				CLANG_WARN_STRICT_PROTOTYPES = YES;
				CLANG_WARN_SUSPICIOUS_MOVE = YES;
				CLANG_WARN_UNGUARDED_AVAILABILITY = YES_AGGRESSIVE;
				CLANG_WARN_UNREACHABLE_CODE = YES;
				CLANG_WARN__DUPLICATE_METHOD_MATCH = YES;
				COPY_PHASE_STRIP = NO;
				DEBUG_INFORMATION_FORMAT = dwarf;
				ENABLE_STRICT_OBJC_MSGSEND = YES;
				ENABLE_TESTABILITY = YES;
				ENABLE_USER_SCRIPT_SANDBOXING = YES;
				GCC_C_LANGUAGE_STANDARD = gnu17;
				GCC_DYNAMIC_NO_PIC = NO;
				GCC_NO_COMMON_BLOCKS = YES;
				GCC_OPTIMIZATION_LEVEL = 0;
				GCC_PREPROCESSOR_DEFINITIONS = (
					"DEBUG=1",
					"$(inherited)",
				);
				GCC_WARN_64_TO_32_BIT_CONVERSION = YES;
				GCC_WARN_ABOUT_RETURN_TYPE = YES_ERROR;
				GCC_WARN_UNDECLARED_SELECTOR = YES;
				GCC_WARN_UNINITIALIZED_AUTOS = YES_AGGRESSIVE;
				GCC_WARN_UNUSED_FUNCTION = YES;
				GCC_WARN_UNUSED_VARIABLE = YES;
				IPHONEOS_DEPLOYMENT_TARGET = 17.2;
				LOCALIZATION_PREFERS_STRING_CATALOGS = YES;
				MTL_ENABLE_DEBUG_INFO = INCLUDE_SOURCE;
				MTL_FAST_MATH = YES;
				ONLY_ACTIVE_ARCH = YES;
				SDKROOT = iphoneos;
				SWIFT_ACTIVE_COMPILATION_CONDITIONS = "DEBUG $(inherited)";
				SWIFT_OPTIMIZATION_LEVEL = "-Onone";
			};
			name = Debug;
		};
		28B556E12B4C90E400F4C06D /* Release */ = {
			isa = XCBuildConfiguration;
			buildSettings = {
				ALWAYS_SEARCH_USER_PATHS = NO;
				ASSETCATALOG_COMPILER_GENERATE_SWIFT_ASSET_SYMBOL_EXTENSIONS = YES;
				CLANG_ANALYZER_NONNULL = YES;
				CLANG_ANALYZER_NUMBER_OBJECT_CONVERSION = YES_AGGRESSIVE;
				CLANG_CXX_LANGUAGE_STANDARD = "gnu++20";
				CLANG_ENABLE_MODULES = YES;
				CLANG_ENABLE_OBJC_ARC = YES;
				CLANG_ENABLE_OBJC_WEAK = YES;
				CLANG_WARN_BLOCK_CAPTURE_AUTORELEASING = YES;
				CLANG_WARN_BOOL_CONVERSION = YES;
				CLANG_WARN_COMMA = YES;
				CLANG_WARN_CONSTANT_CONVERSION = YES;
				CLANG_WARN_DEPRECATED_OBJC_IMPLEMENTATIONS = YES;
				CLANG_WARN_DIRECT_OBJC_ISA_USAGE = YES_ERROR;
				CLANG_WARN_DOCUMENTATION_COMMENTS = YES;
				CLANG_WARN_EMPTY_BODY = YES;
				CLANG_WARN_ENUM_CONVERSION = YES;
				CLANG_WARN_INFINITE_RECURSION = YES;
				CLANG_WARN_INT_CONVERSION = YES;
				CLANG_WARN_NON_LITERAL_NULL_CONVERSION = YES;
				CLANG_WARN_OBJC_IMPLICIT_RETAIN_SELF = YES;
				CLANG_WARN_OBJC_LITERAL_CONVERSION = YES;
				CLANG_WARN_OBJC_ROOT_CLASS = YES_ERROR;
				CLANG_WARN_QUOTED_INCLUDE_IN_FRAMEWORK_HEADER = YES;
				CLANG_WARN_RANGE_LOOP_ANALYSIS = YES;
				CLANG_WARN_STRICT_PROTOTYPES = YES;
				CLANG_WARN_SUSPICIOUS_MOVE = YES;
				CLANG_WARN_UNGUARDED_AVAILABILITY = YES_AGGRESSIVE;
				CLANG_WARN_UNREACHABLE_CODE = YES;
				CLANG_WARN__DUPLICATE_METHOD_MATCH = YES;
				COPY_PHASE_STRIP = NO;
				DEBUG_INFORMATION_FORMAT = "dwarf-with-dsym";
				ENABLE_NS_ASSERTIONS = NO;
				ENABLE_STRICT_OBJC_MSGSEND = YES;
				ENABLE_USER_SCRIPT_SANDBOXING = YES;
				GCC_C_LANGUAGE_STANDARD = gnu17;
				GCC_NO_COMMON_BLOCKS = YES;
				GCC_WARN_64_TO_32_BIT_CONVERSION = YES;
				GCC_WARN_ABOUT_RETURN_TYPE = YES_ERROR;
				GCC_WARN_UNDECLARED_SELECTOR = YES;
				GCC_WARN_UNINITIALIZED_AUTOS = YES_AGGRESSIVE;
				GCC_WARN_UNUSED_FUNCTION = YES;
				GCC_WARN_UNUSED_VARIABLE = YES;
				IPHONEOS_DEPLOYMENT_TARGET = 17.2;
				LOCALIZATION_PREFERS_STRING_CATALOGS = YES;
				MTL_ENABLE_DEBUG_INFO = NO;
				MTL_FAST_MATH = YES;
				SDKROOT = iphoneos;
				SWIFT_COMPILATION_MODE = wholemodule;
				VALIDATE_PRODUCT = YES;
			};
			name = Release;
		};
		28B556E32B4C90E400F4C06D /* Debug */ = {
			isa = XCBuildConfiguration;
			buildSettings = {
				ASSETCATALOG_COMPILER_APPICON_NAME = AppIcon;
				ASSETCATALOG_COMPILER_GLOBAL_ACCENT_COLOR_NAME = AccentColor;
				CODE_SIGN_STYLE = Automatic;
				CURRENT_PROJECT_VERSION = 1;
				DEVELOPMENT_ASSET_PATHS = "\"iWeather/Preview Content\"";
				ENABLE_PREVIEWS = YES;
				GENERATE_INFOPLIST_FILE = YES;
				INFOPLIST_KEY_UIApplicationSceneManifest_Generation = YES;
				INFOPLIST_KEY_UIApplicationSupportsIndirectInputEvents = YES;
				INFOPLIST_KEY_UILaunchScreen_Generation = YES;
				INFOPLIST_KEY_UISupportedInterfaceOrientations_iPad = "UIInterfaceOrientationPortrait UIInterfaceOrientationPortraitUpsideDown UIInterfaceOrientationLandscapeLeft UIInterfaceOrientationLandscapeRight";
				INFOPLIST_KEY_UISupportedInterfaceOrientations_iPhone = "UIInterfaceOrientationPortrait UIInterfaceOrientationLandscapeLeft UIInterfaceOrientationLandscapeRight";
				LD_RUNPATH_SEARCH_PATHS = (
					"$(inherited)",
					"@executable_path/Frameworks",
				);
				MARKETING_VERSION = 1.0;
				PRODUCT_BUNDLE_IDENTIFIER = com.techbase.iWeather;
				PRODUCT_NAME = "$(TARGET_NAME)";
				SWIFT_EMIT_LOC_STRINGS = YES;
				SWIFT_VERSION = 5.0;
				TARGETED_DEVICE_FAMILY = "1,2";
			};
			name = Debug;
		};
		28B556E42B4C90E400F4C06D /* Release */ = {
			isa = XCBuildConfiguration;
			buildSettings = {
				ASSETCATALOG_COMPILER_APPICON_NAME = AppIcon;
				ASSETCATALOG_COMPILER_GLOBAL_ACCENT_COLOR_NAME = AccentColor;
				CODE_SIGN_STYLE = Automatic;
				CURRENT_PROJECT_VERSION = 1;
				DEVELOPMENT_ASSET_PATHS = "\"iWeather/Preview Content\"";
				ENABLE_PREVIEWS = YES;
				GENERATE_INFOPLIST_FILE = YES;
				INFOPLIST_KEY_UIApplicationSceneManifest_Generation = YES;
				INFOPLIST_KEY_UIApplicationSupportsIndirectInputEvents = YES;
				INFOPLIST_KEY_UILaunchScreen_Generation = YES;
				INFOPLIST_KEY_UISupportedInterfaceOrientations_iPad = "UIInterfaceOrientationPortrait UIInterfaceOrientationPortraitUpsideDown UIInterfaceOrientationLandscapeLeft UIInterfaceOrientationLandscapeRight";
				INFOPLIST_KEY_UISupportedInterfaceOrientations_iPhone = "UIInterfaceOrientationPortrait UIInterfaceOrientationLandscapeLeft UIInterfaceOrientationLandscapeRight";
				LD_RUNPATH_SEARCH_PATHS = (
					"$(inherited)",
					"@executable_path/Frameworks",
				);
				MARKETING_VERSION = 1.0;
				PRODUCT_BUNDLE_IDENTIFIER = com.techbase.iWeather;
				PRODUCT_NAME = "$(TARGET_NAME)";
				SWIFT_EMIT_LOC_STRINGS = YES;
				SWIFT_VERSION = 5.0;
				TARGETED_DEVICE_FAMILY = "1,2";
			};
			name = Release;
		};
/* End XCBuildConfiguration section */

/* Begin XCConfigurationList section */
		28B556CF2B4C90E300F4C06D /* Build configuration list for PBXProject "iWeather" */ = {
			isa = XCConfigurationList;
			buildConfigurations = (
				28B556E02B4C90E400F4C06D /* Debug */,
				28B556E12B4C90E400F4C06D /* Release */,
			);
			defaultConfigurationIsVisible = 0;
			defaultConfigurationName = Release;
		};
		28B556E22B4C90E400F4C06D /* Build configuration list for PBXNativeTarget "iWeather" */ = {
			isa = XCConfigurationList;
			buildConfigurations = (
				28B556E32B4C90E400F4C06D /* Debug */,
				28B556E42B4C90E400F4C06D /* Release */,
			);
			defaultConfigurationIsVisible = 0;
			defaultConfigurationName = Release;
		};
/* End XCConfigurationList section */
	};
	rootObject = 28B556CC2B4C90E300F4C06D /* Project object */;
}
